
Microsoft Visual Studio Solution File, Format Version 12.00
# Visual Studio Version 16
VisualStudioVersion = 16.0.29920.165
MinimumVisualStudioVersion = 10.0.40219.1
Project("{FAE04EC0-301F-11D3-BF4B-00C04F79EFBC}") = "PersianEditor", "Partex\PersianEditor.csproj", "{30646E2F-E2FE-426A-BEAE-634A2A254259}"
EndProject
Project("{FAE04EC0-301F-11D3-BF4B-00C04F79EFBC}") = "ParsPad.Core", "ParsPad.Core\ParsPad.Core.csproj", "{3BF379B0-DC2F-40D1-9F8C-A19E99B7B7FB}"
EndProject
Global
	GlobalSection(SolutionConfigurationPlatforms) = preSolution
		Debug|Any CPU = Debug|Any CPU
		Debug|x86 = Debug|x86
		Release|Any CPU = Release|Any CPU
		Release|x86 = Release|x86
	EndGlobalSection
	GlobalSection(ProjectConfigurationPlatforms) = postSolution
		{30646E2F-E2FE-426A-BEAE-634A2A254259}.Debug|Any CPU.ActiveCfg = Debug|Any CPU
		{30646E2F-E2FE-426A-BEAE-634A2A254259}.Debug|Any CPU.Build.0 = Debug|Any CPU
		{30646E2F-E2FE-426A-BEAE-634A2A254259}.Debug|x86.ActiveCfg = Debug|x86
		{30646E2F-E2FE-426A-BEAE-634A2A254259}.Debug|x86.Build.0 = Debug|x86
		{30646E2F-E2FE-426A-BEAE-634A2A254259}.Release|Any CPU.ActiveCfg = Release|Any CPU
		{30646E2F-E2FE-426A-BEAE-634A2A254259}.Release|Any CPU.Build.0 = Release|Any CPU
		{30646E2F-E2FE-426A-BEAE-634A2A254259}.Release|x86.ActiveCfg = Release|x86
		{30646E2F-E2FE-426A-BEAE-634A2A254259}.Release|x86.Build.0 = Release|x86
		{3BF379B0-DC2F-40D1-9F8C-A19E99B7B7FB}.Debug|Any CPU.ActiveCfg = Debug|Any CPU
		{3BF379B0-DC2F-40D1-9F8C-A19E99B7B7FB}.Debug|Any CPU.Build.0 = Debug|Any CPU
		{3BF379B0-DC2F-40D1-9F8C-A19E99B7B7FB}.Debug|x86.ActiveCfg = Debug|Any CPU
		{3BF379B0-DC2F-40D1-9F8C-A19E99B7B7FB}.Debug|x86.Build.0 = Debug|Any CPU
		{3BF379B0-DC2F-40D1-9F8C-A19E99B7B7FB}.Release|Any CPU.ActiveCfg = Release|Any CPU
		{3BF379B0-DC2F-40D1-9F8C-A19E99B7B7FB}.Release|Any CPU.Build.0 = Release|Any CPU
		{3BF379B0-DC2F-40D1-9F8C-A19E99B7B7FB}.Release|x86.ActiveCfg = Release|Any CPU
		{3BF379B0-DC2F-40D1-9F8C-A19E99B7B7FB}.Release|x86.Build.0 = Release|Any CPU
	EndGlobalSection
	GlobalSection(SolutionProperties) = preSolution
		HideSolutionNode = FALSE
	EndGlobalSection
	GlobalSection(ExtensibilityGlobals) = postSolution
		SolutionGuid = {B8D91CB9-6411-402F-90E1-E8681FC3F969}
	EndGlobalSection
EndGlobal
